// !$*UTF8*$!
{
	archiveVersion = 1;
	classes = {
	};
	objectVersion = 51;
	objects = {

/* Begin PBXBuildFile section */
		0AB267E31D0008044D495A28 /* Pods_iOSTrainingAPICalls_iOSTrainingAPICallsUITests.framework in Frameworks */ = {isa = PBXBuildFile; fileRef = 4191799A0AC457377C1AA8DA /* Pods_iOSTrainingAPICalls_iOSTrainingAPICallsUITests.framework */; };
		0E8850B5AA8A3888A10DB9ED /* Pods_iOSTrainingAPICallsTests.framework in Frameworks */ = {isa = PBXBuildFile; fileRef = AF27498301E7B158D70ADFE5 /* Pods_iOSTrainingAPICallsTests.framework */; };
		5B5731F5237B99C6003E7050 /* ChatViewController.m in Sources */ = {isa = PBXBuildFile; fileRef = 5B5731F4237B99C6003E7050 /* ChatViewController.m */; };
		5B5731F8237B9C1B003E7050 /* ChannelModel.m in Sources */ = {isa = PBXBuildFile; fileRef = 5B5731F7237B9C1B003E7050 /* ChannelModel.m */; };
		5B5731FC237BE3BC003E7050 /* MessageModel.m in Sources */ = {isa = PBXBuildFile; fileRef = 5B5731FB237BE3BC003E7050 /* MessageModel.m */; };
		5B5731FE237BF79C003E7050 /* GoogleService-Info.plist in Resources */ = {isa = PBXBuildFile; fileRef = 5B5731FD237BF79C003E7050 /* GoogleService-Info.plist */; };
		5BBA8EFC23793F56009AE2D1 /* MapsViewController.m in Sources */ = {isa = PBXBuildFile; fileRef = 5BBA8EFB23793F56009AE2D1 /* MapsViewController.m */; };
		5BBA8EFE23793F65009AE2D1 /* MapsStoryboard.storyboard in Resources */ = {isa = PBXBuildFile; fileRef = 5BBA8EFD23793F65009AE2D1 /* MapsStoryboard.storyboard */; };
		5BBA8F002379452A009AE2D1 /* MapsView.xib in Resources */ = {isa = PBXBuildFile; fileRef = 5BBA8EFF2379452A009AE2D1 /* MapsView.xib */; };
		5BBA8F032379453F009AE2D1 /* MapsView.m in Sources */ = {isa = PBXBuildFile; fileRef = 5BBA8F022379453F009AE2D1 /* MapsView.m */; };
		5BC55847237A58E100E71973 /* GoogleService-Info**.plist in Resources */ = {isa = PBXBuildFile; fileRef = 5BC55846237A58E000E71973 /* GoogleService-Info**.plist */; };
		5BDFB2D2237A787900943A70 /* mainTabBar.storyboard in Resources */ = {isa = PBXBuildFile; fileRef = 5BDFB2D1237A787900943A70 /* mainTabBar.storyboard */; };
		5BDFB2E0237A7B4F00943A70 /* Chat.storyboard in Resources */ = {isa = PBXBuildFile; fileRef = 5BDFB2DF237A7B4F00943A70 /* Chat.storyboard */; };
		5BDFB2EC237A80CC00943A70 /* LoginView.m in Sources */ = {isa = PBXBuildFile; fileRef = 5BDFB2EB237A80CC00943A70 /* LoginView.m */; };
		5BDFB2EE237A80D600943A70 /* LoginView.xib in Resources */ = {isa = PBXBuildFile; fileRef = 5BDFB2ED237A80D600943A70 /* LoginView.xib */; };
		5BDFB2F1237A80E800943A70 /* LoginViewController.m in Sources */ = {isa = PBXBuildFile; fileRef = 5BDFB2F0237A80E800943A70 /* LoginViewController.m */; };
		5BDFB2F4237A88F300943A70 /* ChannelsViewController.m in Sources */ = {isa = PBXBuildFile; fileRef = 5BDFB2F3237A88F300943A70 /* ChannelsViewController.m */; };
		5BDFB2F7237A892900943A70 /* ChanneTableView.m in Sources */ = {isa = PBXBuildFile; fileRef = 5BDFB2F6237A892900943A70 /* ChanneTableView.m */; };
		5BDFB2F9237A893900943A70 /* ChannelTableView.xib in Resources */ = {isa = PBXBuildFile; fileRef = 5BDFB2F8237A893900943A70 /* ChannelTableView.xib */; };
		5BDFB2FD237A895B00943A70 /* ChannelTableViewCell.m in Sources */ = {isa = PBXBuildFile; fileRef = 5BDFB2FC237A895B00943A70 /* ChannelTableViewCell.m */; };
		5BDFB2FF237A896B00943A70 /* ChannelTableViewCell.xib in Resources */ = {isa = PBXBuildFile; fileRef = 5BDFB2FE237A896B00943A70 /* ChannelTableViewCell.xib */; };
		5BDFB307237A932700943A70 /* AppSettings.m in Sources */ = {isa = PBXBuildFile; fileRef = 5BDFB306237A932700943A70 /* AppSettings.m */; };
		5BFA0908237CD9CA0032E3E2 /* Index.storyboard in Resources */ = {isa = PBXBuildFile; fileRef = 5BFA0907237CD9CA0032E3E2 /* Index.storyboard */; };
		5BFA090B237CDC7E0032E3E2 /* IndexViewController.m in Sources */ = {isa = PBXBuildFile; fileRef = 5BFA090A237CDC7E0032E3E2 /* IndexViewController.m */; };
		5BFA090E237D42840032E3E2 /* TypingModel.m in Sources */ = {isa = PBXBuildFile; fileRef = 5BFA090D237D42840032E3E2 /* TypingModel.m */; };
		6227F588C89F5FDF272DAB8D /* Pods_iOSTrainingAPICalls.framework in Frameworks */ = {isa = PBXBuildFile; fileRef = 1D8D25CC8F6F802528A947D4 /* Pods_iOSTrainingAPICalls.framework */; };
		A7046E67237518AF0016B2C4 /* HomeView.m in Sources */ = {isa = PBXBuildFile; fileRef = A7046E66237518AF0016B2C4 /* HomeView.m */; };
		A7046E6A237518D00016B2C4 /* HomeView.xib in Resources */ = {isa = PBXBuildFile; fileRef = A7046E69237518D00016B2C4 /* HomeView.xib */; };
		A7046E6D237518E50016B2C4 /* HomeViewController.m in Sources */ = {isa = PBXBuildFile; fileRef = A7046E6C237518E50016B2C4 /* HomeViewController.m */; };
		A7046E7223751AB00016B2C4 /* HomeTableViewCell.m in Sources */ = {isa = PBXBuildFile; fileRef = A7046E7023751AB00016B2C4 /* HomeTableViewCell.m */; };
		A7046E7323751AB00016B2C4 /* HomeTableViewCell.xib in Resources */ = {isa = PBXBuildFile; fileRef = A7046E7123751AB00016B2C4 /* HomeTableViewCell.xib */; };
		A7046E76237530E10016B2C4 /* Categories.m in Sources */ = {isa = PBXBuildFile; fileRef = A7046E75237530E10016B2C4 /* Categories.m */; };
		A7046E7D2376723D0016B2C4 /* RestaurantsViewController.m in Sources */ = {isa = PBXBuildFile; fileRef = A7046E7C2376723D0016B2C4 /* RestaurantsViewController.m */; };
		A7046E802376729F0016B2C4 /* RestaurantsView.m in Sources */ = {isa = PBXBuildFile; fileRef = A7046E7F2376729F0016B2C4 /* RestaurantsView.m */; };
		A7046E8A237673240016B2C4 /* RestaurantViewCell.m in Sources */ = {isa = PBXBuildFile; fileRef = A7046E88237673240016B2C4 /* RestaurantViewCell.m */; };
		A7046E8B237673240016B2C4 /* RestaurantViewCell.xib in Resources */ = {isa = PBXBuildFile; fileRef = A7046E89237673240016B2C4 /* RestaurantViewCell.xib */; };
		A7046E8D2376819B0016B2C4 /* RestaurantsView.xib in Resources */ = {isa = PBXBuildFile; fileRef = A7046E8C2376819B0016B2C4 /* RestaurantsView.xib */; };
		A7046E90237684AA0016B2C4 /* Restaurants.m in Sources */ = {isa = PBXBuildFile; fileRef = A7046E8F237684AA0016B2C4 /* Restaurants.m */; };
		A7046E962376A92B0016B2C4 /* RestaurantDetailsViewController.m in Sources */ = {isa = PBXBuildFile; fileRef = A7046E952376A92B0016B2C4 /* RestaurantDetailsViewController.m */; };
		A7046E992376A9BA0016B2C4 /* RestaurantDetailsView.m in Sources */ = {isa = PBXBuildFile; fileRef = A7046E982376A9BA0016B2C4 /* RestaurantDetailsView.m */; };
		A7046E9B2376A9D40016B2C4 /* RestaurantDetailsView.xib in Resources */ = {isa = PBXBuildFile; fileRef = A7046E9A2376A9D40016B2C4 /* RestaurantDetailsView.xib */; };
		A7F678C7237515A000425CC7 /* AppDelegate.m in Sources */ = {isa = PBXBuildFile; fileRef = A7F678C6237515A000425CC7 /* AppDelegate.m */; };
		A7F678CD237515A000425CC7 /* Main.storyboard in Resources */ = {isa = PBXBuildFile; fileRef = A7F678CB237515A000425CC7 /* Main.storyboard */; };
		A7F678D0237515A000425CC7 /* iOSTrainingAPICalls.xcdatamodeld in Sources */ = {isa = PBXBuildFile; fileRef = A7F678CE237515A000425CC7 /* iOSTrainingAPICalls.xcdatamodeld */; };
		A7F678D2237515A100425CC7 /* Assets.xcassets in Resources */ = {isa = PBXBuildFile; fileRef = A7F678D1237515A100425CC7 /* Assets.xcassets */; };
		A7F678D5237515A100425CC7 /* LaunchScreen.storyboard in Resources */ = {isa = PBXBuildFile; fileRef = A7F678D3237515A100425CC7 /* LaunchScreen.storyboard */; };
		A7F678D8237515A100425CC7 /* main.m in Sources */ = {isa = PBXBuildFile; fileRef = A7F678D7237515A100425CC7 /* main.m */; };
		A7F678E2237515A100425CC7 /* iOSTrainingAPICallsTests.m in Sources */ = {isa = PBXBuildFile; fileRef = A7F678E1237515A100425CC7 /* iOSTrainingAPICallsTests.m */; };
		A7F678ED237515A100425CC7 /* iOSTrainingAPICallsUITests.m in Sources */ = {isa = PBXBuildFile; fileRef = A7F678EC237515A100425CC7 /* iOSTrainingAPICallsUITests.m */; };
/* End PBXBuildFile section */

/* Begin PBXContainerItemProxy section */
		A7F678DE237515A100425CC7 /* PBXContainerItemProxy */ = {
			isa = PBXContainerItemProxy;
			containerPortal = A7F678BA237515A000425CC7 /* Project object */;
			proxyType = 1;
			remoteGlobalIDString = A7F678C1237515A000425CC7;
			remoteInfo = iOSTrainingAPICalls;
		};
		A7F678E9237515A100425CC7 /* PBXContainerItemProxy */ = {
			isa = PBXContainerItemProxy;
			containerPortal = A7F678BA237515A000425CC7 /* Project object */;
			proxyType = 1;
			remoteGlobalIDString = A7F678C1237515A000425CC7;
			remoteInfo = iOSTrainingAPICalls;
		};
/* End PBXContainerItemProxy section */

/* Begin PBXFileReference section */
		16B5EB696F9976755E005004 /* Pods-iOSTrainingAPICalls-iOSTrainingAPICallsUITests.release.xcconfig */ = {isa = PBXFileReference; includeInIndex = 1; lastKnownFileType = text.xcconfig; name = "Pods-iOSTrainingAPICalls-iOSTrainingAPICallsUITests.release.xcconfig"; path = "Target Support Files/Pods-iOSTrainingAPICalls-iOSTrainingAPICallsUITests/Pods-iOSTrainingAPICalls-iOSTrainingAPICallsUITests.release.xcconfig"; sourceTree = "<group>"; };
		1D8D25CC8F6F802528A947D4 /* Pods_iOSTrainingAPICalls.framework */ = {isa = PBXFileReference; explicitFileType = wrapper.framework; includeInIndex = 0; path = Pods_iOSTrainingAPICalls.framework; sourceTree = BUILT_PRODUCTS_DIR; };
		23EC4B48A1F9D7926509ABCB /* Pods-iOSTrainingAPICalls.release.xcconfig */ = {isa = PBXFileReference; includeInIndex = 1; lastKnownFileType = text.xcconfig; name = "Pods-iOSTrainingAPICalls.release.xcconfig"; path = "Target Support Files/Pods-iOSTrainingAPICalls/Pods-iOSTrainingAPICalls.release.xcconfig"; sourceTree = "<group>"; };
		4191799A0AC457377C1AA8DA /* Pods_iOSTrainingAPICalls_iOSTrainingAPICallsUITests.framework */ = {isa = PBXFileReference; explicitFileType = wrapper.framework; includeInIndex = 0; path = Pods_iOSTrainingAPICalls_iOSTrainingAPICallsUITests.framework; sourceTree = BUILT_PRODUCTS_DIR; };
		4C81F46C478C5EE7F4A552FB /* Pods-iOSTrainingAPICalls-iOSTrainingAPICallsUITests.debug.xcconfig */ = {isa = PBXFileReference; includeInIndex = 1; lastKnownFileType = text.xcconfig; name = "Pods-iOSTrainingAPICalls-iOSTrainingAPICallsUITests.debug.xcconfig"; path = "Target Support Files/Pods-iOSTrainingAPICalls-iOSTrainingAPICallsUITests/Pods-iOSTrainingAPICalls-iOSTrainingAPICallsUITests.debug.xcconfig"; sourceTree = "<group>"; };
		5B5731F3237B99C6003E7050 /* ChatViewController.h */ = {isa = PBXFileReference; lastKnownFileType = sourcecode.c.h; path = ChatViewController.h; sourceTree = "<group>"; };
		5B5731F4237B99C6003E7050 /* ChatViewController.m */ = {isa = PBXFileReference; lastKnownFileType = sourcecode.c.objc; path = ChatViewController.m; sourceTree = "<group>"; };
		5B5731F6237B9C1B003E7050 /* ChannelModel.h */ = {isa = PBXFileReference; lastKnownFileType = sourcecode.c.h; path = ChannelModel.h; sourceTree = "<group>"; };
		5B5731F7237B9C1B003E7050 /* ChannelModel.m */ = {isa = PBXFileReference; lastKnownFileType = sourcecode.c.objc; path = ChannelModel.m; sourceTree = "<group>"; };
		5B5731F9237BA64A003E7050 /* DatabasePresentation.h */ = {isa = PBXFileReference; lastKnownFileType = sourcecode.c.h; path = DatabasePresentation.h; sourceTree = "<group>"; };
		5B5731FA237BE3BC003E7050 /* MessageModel.h */ = {isa = PBXFileReference; lastKnownFileType = sourcecode.c.h; path = MessageModel.h; sourceTree = "<group>"; };
		5B5731FB237BE3BC003E7050 /* MessageModel.m */ = {isa = PBXFileReference; lastKnownFileType = sourcecode.c.objc; path = MessageModel.m; sourceTree = "<group>"; };
		5B5731FD237BF79C003E7050 /* GoogleService-Info.plist */ = {isa = PBXFileReference; fileEncoding = 4; lastKnownFileType = text.plist.xml; path = "GoogleService-Info.plist"; sourceTree = "<group>"; };
		5BBA8EFA23793F56009AE2D1 /* MapsViewController.h */ = {isa = PBXFileReference; lastKnownFileType = sourcecode.c.h; path = MapsViewController.h; sourceTree = "<group>"; };
		5BBA8EFB23793F56009AE2D1 /* MapsViewController.m */ = {isa = PBXFileReference; lastKnownFileType = sourcecode.c.objc; path = MapsViewController.m; sourceTree = "<group>"; };
		5BBA8EFD23793F65009AE2D1 /* MapsStoryboard.storyboard */ = {isa = PBXFileReference; lastKnownFileType = file.storyboard; path = MapsStoryboard.storyboard; sourceTree = "<group>"; };
		5BBA8EFF2379452A009AE2D1 /* MapsView.xib */ = {isa = PBXFileReference; lastKnownFileType = file.xib; path = MapsView.xib; sourceTree = "<group>"; };
		5BBA8F012379453F009AE2D1 /* MapsView.h */ = {isa = PBXFileReference; lastKnownFileType = sourcecode.c.h; path = MapsView.h; sourceTree = "<group>"; };
		5BBA8F022379453F009AE2D1 /* MapsView.m */ = {isa = PBXFileReference; lastKnownFileType = sourcecode.c.objc; path = MapsView.m; sourceTree = "<group>"; };
		5BC55846237A58E000E71973 /* GoogleService-Info**.plist */ = {isa = PBXFileReference; fileEncoding = 4; lastKnownFileType = text.plist.xml; path = "GoogleService-Info**.plist"; sourceTree = "<group>"; };
		5BDFB2D1237A787900943A70 /* mainTabBar.storyboard */ = {isa = PBXFileReference; lastKnownFileType = file.storyboard; path = mainTabBar.storyboard; sourceTree = "<group>"; };
		5BDFB2DF237A7B4F00943A70 /* Chat.storyboard */ = {isa = PBXFileReference; lastKnownFileType = file.storyboard; path = Chat.storyboard; sourceTree = "<group>"; };
		5BDFB2EA237A80CC00943A70 /* LoginView.h */ = {isa = PBXFileReference; lastKnownFileType = sourcecode.c.h; path = LoginView.h; sourceTree = "<group>"; };
		5BDFB2EB237A80CC00943A70 /* LoginView.m */ = {isa = PBXFileReference; lastKnownFileType = sourcecode.c.objc; path = LoginView.m; sourceTree = "<group>"; };
		5BDFB2ED237A80D600943A70 /* LoginView.xib */ = {isa = PBXFileReference; lastKnownFileType = file.xib; path = LoginView.xib; sourceTree = "<group>"; };
		5BDFB2EF237A80E800943A70 /* LoginViewController.h */ = {isa = PBXFileReference; lastKnownFileType = sourcecode.c.h; path = LoginViewController.h; sourceTree = "<group>"; };
		5BDFB2F0237A80E800943A70 /* LoginViewController.m */ = {isa = PBXFileReference; lastKnownFileType = sourcecode.c.objc; path = LoginViewController.m; sourceTree = "<group>"; };
		5BDFB2F2237A88F300943A70 /* ChannelsViewController.h */ = {isa = PBXFileReference; lastKnownFileType = sourcecode.c.h; path = ChannelsViewController.h; sourceTree = "<group>"; };
		5BDFB2F3237A88F300943A70 /* ChannelsViewController.m */ = {isa = PBXFileReference; lastKnownFileType = sourcecode.c.objc; path = ChannelsViewController.m; sourceTree = "<group>"; };
		5BDFB2F5237A892900943A70 /* ChanneTableView.h */ = {isa = PBXFileReference; lastKnownFileType = sourcecode.c.h; path = ChanneTableView.h; sourceTree = "<group>"; };
		5BDFB2F6237A892900943A70 /* ChanneTableView.m */ = {isa = PBXFileReference; lastKnownFileType = sourcecode.c.objc; path = ChanneTableView.m; sourceTree = "<group>"; };
		5BDFB2F8237A893900943A70 /* ChannelTableView.xib */ = {isa = PBXFileReference; lastKnownFileType = file.xib; path = ChannelTableView.xib; sourceTree = "<group>"; };
		5BDFB2FB237A895B00943A70 /* ChannelTableViewCell.h */ = {isa = PBXFileReference; lastKnownFileType = sourcecode.c.h; path = ChannelTableViewCell.h; sourceTree = "<group>"; };
		5BDFB2FC237A895B00943A70 /* ChannelTableViewCell.m */ = {isa = PBXFileReference; lastKnownFileType = sourcecode.c.objc; path = ChannelTableViewCell.m; sourceTree = "<group>"; };
		5BDFB2FE237A896B00943A70 /* ChannelTableViewCell.xib */ = {isa = PBXFileReference; lastKnownFileType = file.xib; path = ChannelTableViewCell.xib; sourceTree = "<group>"; };
		5BDFB306237A932700943A70 /* AppSettings.m */ = {isa = PBXFileReference; lastKnownFileType = sourcecode.c.objc; path = AppSettings.m; sourceTree = "<group>"; };
		5BDFB309237AA8D200943A70 /* AppSettings.h */ = {isa = PBXFileReference; lastKnownFileType = sourcecode.c.h; path = AppSettings.h; sourceTree = "<group>"; };
		5BFA0907237CD9CA0032E3E2 /* Index.storyboard */ = {isa = PBXFileReference; lastKnownFileType = file.storyboard; path = Index.storyboard; sourceTree = "<group>"; };
		5BFA0909237CDC7E0032E3E2 /* IndexViewController.h */ = {isa = PBXFileReference; lastKnownFileType = sourcecode.c.h; path = IndexViewController.h; sourceTree = "<group>"; };
		5BFA090A237CDC7E0032E3E2 /* IndexViewController.m */ = {isa = PBXFileReference; lastKnownFileType = sourcecode.c.objc; path = IndexViewController.m; sourceTree = "<group>"; };
		5BFA090C237D42840032E3E2 /* TypingModel.h */ = {isa = PBXFileReference; lastKnownFileType = sourcecode.c.h; path = TypingModel.h; sourceTree = "<group>"; };
		5BFA090D237D42840032E3E2 /* TypingModel.m */ = {isa = PBXFileReference; lastKnownFileType = sourcecode.c.objc; path = TypingModel.m; sourceTree = "<group>"; };
		A7046E65237518AF0016B2C4 /* HomeView.h */ = {isa = PBXFileReference; lastKnownFileType = sourcecode.c.h; path = HomeView.h; sourceTree = "<group>"; };
		A7046E66237518AF0016B2C4 /* HomeView.m */ = {isa = PBXFileReference; lastKnownFileType = sourcecode.c.objc; path = HomeView.m; sourceTree = "<group>"; };
		A7046E69237518D00016B2C4 /* HomeView.xib */ = {isa = PBXFileReference; lastKnownFileType = file.xib; path = HomeView.xib; sourceTree = "<group>"; };
		A7046E6B237518E50016B2C4 /* HomeViewController.h */ = {isa = PBXFileReference; lastKnownFileType = sourcecode.c.h; path = HomeViewController.h; sourceTree = "<group>"; };
		A7046E6C237518E50016B2C4 /* HomeViewController.m */ = {isa = PBXFileReference; lastKnownFileType = sourcecode.c.objc; path = HomeViewController.m; sourceTree = "<group>"; };
		A7046E6F23751AB00016B2C4 /* HomeTableViewCell.h */ = {isa = PBXFileReference; lastKnownFileType = sourcecode.c.h; path = HomeTableViewCell.h; sourceTree = "<group>"; };
		A7046E7023751AB00016B2C4 /* HomeTableViewCell.m */ = {isa = PBXFileReference; lastKnownFileType = sourcecode.c.objc; path = HomeTableViewCell.m; sourceTree = "<group>"; };
		A7046E7123751AB00016B2C4 /* HomeTableViewCell.xib */ = {isa = PBXFileReference; lastKnownFileType = file.xib; path = HomeTableViewCell.xib; sourceTree = "<group>"; };
		A7046E74237530E10016B2C4 /* Categories.h */ = {isa = PBXFileReference; lastKnownFileType = sourcecode.c.h; path = Categories.h; sourceTree = "<group>"; };
		A7046E75237530E10016B2C4 /* Categories.m */ = {isa = PBXFileReference; lastKnownFileType = sourcecode.c.objc; path = Categories.m; sourceTree = "<group>"; };
		A7046E7B2376723D0016B2C4 /* RestaurantsViewController.h */ = {isa = PBXFileReference; lastKnownFileType = sourcecode.c.h; path = RestaurantsViewController.h; sourceTree = "<group>"; };
		A7046E7C2376723D0016B2C4 /* RestaurantsViewController.m */ = {isa = PBXFileReference; lastKnownFileType = sourcecode.c.objc; path = RestaurantsViewController.m; sourceTree = "<group>"; };
		A7046E7E2376729F0016B2C4 /* RestaurantsView.h */ = {isa = PBXFileReference; lastKnownFileType = sourcecode.c.h; path = RestaurantsView.h; sourceTree = "<group>"; };
		A7046E7F2376729F0016B2C4 /* RestaurantsView.m */ = {isa = PBXFileReference; lastKnownFileType = sourcecode.c.objc; path = RestaurantsView.m; sourceTree = "<group>"; };
		A7046E87237673240016B2C4 /* RestaurantViewCell.h */ = {isa = PBXFileReference; lastKnownFileType = sourcecode.c.h; path = RestaurantViewCell.h; sourceTree = "<group>"; };
		A7046E88237673240016B2C4 /* RestaurantViewCell.m */ = {isa = PBXFileReference; lastKnownFileType = sourcecode.c.objc; path = RestaurantViewCell.m; sourceTree = "<group>"; };
		A7046E89237673240016B2C4 /* RestaurantViewCell.xib */ = {isa = PBXFileReference; lastKnownFileType = file.xib; path = RestaurantViewCell.xib; sourceTree = "<group>"; };
		A7046E8C2376819B0016B2C4 /* RestaurantsView.xib */ = {isa = PBXFileReference; lastKnownFileType = file.xib; path = RestaurantsView.xib; sourceTree = "<group>"; };
		A7046E8E237684AA0016B2C4 /* Restaurants.h */ = {isa = PBXFileReference; lastKnownFileType = sourcecode.c.h; path = Restaurants.h; sourceTree = "<group>"; };
		A7046E8F237684AA0016B2C4 /* Restaurants.m */ = {isa = PBXFileReference; lastKnownFileType = sourcecode.c.objc; path = Restaurants.m; sourceTree = "<group>"; };
		A7046E942376A92B0016B2C4 /* RestaurantDetailsViewController.h */ = {isa = PBXFileReference; lastKnownFileType = sourcecode.c.h; path = RestaurantDetailsViewController.h; sourceTree = "<group>"; };
		A7046E952376A92B0016B2C4 /* RestaurantDetailsViewController.m */ = {isa = PBXFileReference; lastKnownFileType = sourcecode.c.objc; path = RestaurantDetailsViewController.m; sourceTree = "<group>"; };
		A7046E972376A9BA0016B2C4 /* RestaurantDetailsView.h */ = {isa = PBXFileReference; lastKnownFileType = sourcecode.c.h; path = RestaurantDetailsView.h; sourceTree = "<group>"; };
		A7046E982376A9BA0016B2C4 /* RestaurantDetailsView.m */ = {isa = PBXFileReference; lastKnownFileType = sourcecode.c.objc; path = RestaurantDetailsView.m; sourceTree = "<group>"; };
		A7046E9A2376A9D40016B2C4 /* RestaurantDetailsView.xib */ = {isa = PBXFileReference; lastKnownFileType = file.xib; path = RestaurantDetailsView.xib; sourceTree = "<group>"; };
		A7F678C2237515A000425CC7 /* iOSTrainingAPICalls.app */ = {isa = PBXFileReference; explicitFileType = wrapper.application; includeInIndex = 0; path = iOSTrainingAPICalls.app; sourceTree = BUILT_PRODUCTS_DIR; };
		A7F678C5237515A000425CC7 /* AppDelegate.h */ = {isa = PBXFileReference; lastKnownFileType = sourcecode.c.h; path = AppDelegate.h; sourceTree = "<group>"; };
		A7F678C6237515A000425CC7 /* AppDelegate.m */ = {isa = PBXFileReference; lastKnownFileType = sourcecode.c.objc; path = AppDelegate.m; sourceTree = "<group>"; };
		A7F678CC237515A000425CC7 /* Base */ = {isa = PBXFileReference; lastKnownFileType = file.storyboard; name = Base; path = Base.lproj/Main.storyboard; sourceTree = "<group>"; };
		A7F678CF237515A000425CC7 /* iOSTrainingAPICalls.xcdatamodel */ = {isa = PBXFileReference; lastKnownFileType = wrapper.xcdatamodel; path = iOSTrainingAPICalls.xcdatamodel; sourceTree = "<group>"; };
		A7F678D1237515A100425CC7 /* Assets.xcassets */ = {isa = PBXFileReference; lastKnownFileType = folder.assetcatalog; path = Assets.xcassets; sourceTree = "<group>"; };
		A7F678D4237515A100425CC7 /* Base */ = {isa = PBXFileReference; lastKnownFileType = file.storyboard; name = Base; path = Base.lproj/LaunchScreen.storyboard; sourceTree = "<group>"; };
		A7F678D6237515A100425CC7 /* Info.plist */ = {isa = PBXFileReference; lastKnownFileType = text.plist.xml; path = Info.plist; sourceTree = "<group>"; };
		A7F678D7237515A100425CC7 /* main.m */ = {isa = PBXFileReference; lastKnownFileType = sourcecode.c.objc; path = main.m; sourceTree = "<group>"; };
		A7F678DD237515A100425CC7 /* iOSTrainingAPICallsTests.xctest */ = {isa = PBXFileReference; explicitFileType = wrapper.cfbundle; includeInIndex = 0; path = iOSTrainingAPICallsTests.xctest; sourceTree = BUILT_PRODUCTS_DIR; };
		A7F678E1237515A100425CC7 /* iOSTrainingAPICallsTests.m */ = {isa = PBXFileReference; lastKnownFileType = sourcecode.c.objc; path = iOSTrainingAPICallsTests.m; sourceTree = "<group>"; };
		A7F678E3237515A100425CC7 /* Info.plist */ = {isa = PBXFileReference; lastKnownFileType = text.plist.xml; path = Info.plist; sourceTree = "<group>"; };
		A7F678E8237515A100425CC7 /* iOSTrainingAPICallsUITests.xctest */ = {isa = PBXFileReference; explicitFileType = wrapper.cfbundle; includeInIndex = 0; path = iOSTrainingAPICallsUITests.xctest; sourceTree = BUILT_PRODUCTS_DIR; };
		A7F678EC237515A100425CC7 /* iOSTrainingAPICallsUITests.m */ = {isa = PBXFileReference; lastKnownFileType = sourcecode.c.objc; path = iOSTrainingAPICallsUITests.m; sourceTree = "<group>"; };
		A7F678EE237515A100425CC7 /* Info.plist */ = {isa = PBXFileReference; lastKnownFileType = text.plist.xml; path = Info.plist; sourceTree = "<group>"; };
		A8F421C249F97730F23FABD6 /* Pods-iOSTrainingAPICallsTests.release.xcconfig */ = {isa = PBXFileReference; includeInIndex = 1; lastKnownFileType = text.xcconfig; name = "Pods-iOSTrainingAPICallsTests.release.xcconfig"; path = "Target Support Files/Pods-iOSTrainingAPICallsTests/Pods-iOSTrainingAPICallsTests.release.xcconfig"; sourceTree = "<group>"; };
		AF27498301E7B158D70ADFE5 /* Pods_iOSTrainingAPICallsTests.framework */ = {isa = PBXFileReference; explicitFileType = wrapper.framework; includeInIndex = 0; path = Pods_iOSTrainingAPICallsTests.framework; sourceTree = BUILT_PRODUCTS_DIR; };
		DA969FAB700478AFCE07175A /* Pods-iOSTrainingAPICalls.debug.xcconfig */ = {isa = PBXFileReference; includeInIndex = 1; lastKnownFileType = text.xcconfig; name = "Pods-iOSTrainingAPICalls.debug.xcconfig"; path = "Target Support Files/Pods-iOSTrainingAPICalls/Pods-iOSTrainingAPICalls.debug.xcconfig"; sourceTree = "<group>"; };
		F329502C0B3390CA4B9EC09C /* Pods-iOSTrainingAPICallsTests.debug.xcconfig */ = {isa = PBXFileReference; includeInIndex = 1; lastKnownFileType = text.xcconfig; name = "Pods-iOSTrainingAPICallsTests.debug.xcconfig"; path = "Target Support Files/Pods-iOSTrainingAPICallsTests/Pods-iOSTrainingAPICallsTests.debug.xcconfig"; sourceTree = "<group>"; };
/* End PBXFileReference section */

/* Begin PBXFrameworksBuildPhase section */
		A7F678BF237515A000425CC7 /* Frameworks */ = {
			isa = PBXFrameworksBuildPhase;
			buildActionMask = 2147483647;
			files = (
				6227F588C89F5FDF272DAB8D /* Pods_iOSTrainingAPICalls.framework in Frameworks */,
			);
			runOnlyForDeploymentPostprocessing = 0;
		};
		A7F678DA237515A100425CC7 /* Frameworks */ = {
			isa = PBXFrameworksBuildPhase;
			buildActionMask = 2147483647;
			files = (
				0E8850B5AA8A3888A10DB9ED /* Pods_iOSTrainingAPICallsTests.framework in Frameworks */,
			);
			runOnlyForDeploymentPostprocessing = 0;
		};
		A7F678E5237515A100425CC7 /* Frameworks */ = {
			isa = PBXFrameworksBuildPhase;
			buildActionMask = 2147483647;
			files = (
				0AB267E31D0008044D495A28 /* Pods_iOSTrainingAPICalls_iOSTrainingAPICallsUITests.framework in Frameworks */,
			);
			runOnlyForDeploymentPostprocessing = 0;
		};
/* End PBXFrameworksBuildPhase section */

/* Begin PBXGroup section */
		009C9B2F49D36F065A8010B0 /* Frameworks */ = {
			isa = PBXGroup;
			children = (
				1D8D25CC8F6F802528A947D4 /* Pods_iOSTrainingAPICalls.framework */,
				4191799A0AC457377C1AA8DA /* Pods_iOSTrainingAPICalls_iOSTrainingAPICallsUITests.framework */,
				AF27498301E7B158D70ADFE5 /* Pods_iOSTrainingAPICallsTests.framework */,
			);
			name = Frameworks;
			sourceTree = "<group>";
		};
		5BBA8EF623793CDD009AE2D1 /* Maps */ = {
			isa = PBXGroup;
			children = (
				5BBA8EF923793D34009AE2D1 /* Models */,
				5BBA8EF823793D2F009AE2D1 /* Views */,
				5BBA8EF723793D23009AE2D1 /* Controllers */,
			);
			path = Maps;
			sourceTree = "<group>";
		};
		5BBA8EF723793D23009AE2D1 /* Controllers */ = {
			isa = PBXGroup;
			children = (
				5BBA8EFA23793F56009AE2D1 /* MapsViewController.h */,
				5BBA8EFB23793F56009AE2D1 /* MapsViewController.m */,
				5BBA8EFD23793F65009AE2D1 /* MapsStoryboard.storyboard */,
			);
			path = Controllers;
			sourceTree = "<group>";
		};
		5BBA8EF823793D2F009AE2D1 /* Views */ = {
			isa = PBXGroup;
			children = (
				5BBA8F012379453F009AE2D1 /* MapsView.h */,
				5BBA8F022379453F009AE2D1 /* MapsView.m */,
				5BBA8EFF2379452A009AE2D1 /* MapsView.xib */,
			);
			path = Views;
			sourceTree = "<group>";
		};
		5BBA8EF923793D34009AE2D1 /* Models */ = {
			isa = PBXGroup;
			children = (
			);
			path = Models;
			sourceTree = "<group>";
		};
		5BDFB2D0237A786400943A70 /* TabBar */ = {
			isa = PBXGroup;
			children = (
				5BDFB2D1237A787900943A70 /* mainTabBar.storyboard */,
			);
			path = TabBar;
			sourceTree = "<group>";
		};
		5BDFB2D3237A79B900943A70 /* Messaging */ = {
			isa = PBXGroup;
			children = (
				5BDFB2DF237A7B4F00943A70 /* Chat.storyboard */,
				5BDFB2E3237A7EEE00943A70 /* Chat */,
				5BDFB2E2237A7EE300943A70 /* Channels */,
				5BDFB2E1237A7EC400943A70 /* Login */,
			);
			path = Messaging;
			sourceTree = "<group>";
		};
		5BDFB2D4237A79CE00943A70 /* Controllers */ = {
			isa = PBXGroup;
			children = (
				5BDFB2EF237A80E800943A70 /* LoginViewController.h */,
				5BDFB2F0237A80E800943A70 /* LoginViewController.m */,
			);
			path = Controllers;
			sourceTree = "<group>";
		};
		5BDFB2D5237A79D500943A70 /* Views */ = {
			isa = PBXGroup;
			children = (
				5BDFB2EA237A80CC00943A70 /* LoginView.h */,
				5BDFB2EB237A80CC00943A70 /* LoginView.m */,
				5BDFB2ED237A80D600943A70 /* LoginView.xib */,
			);
			path = Views;
			sourceTree = "<group>";
		};
		5BDFB2D6237A79DB00943A70 /* Models */ = {
			isa = PBXGroup;
			children = (
			);
			path = Models;
			sourceTree = "<group>";
		};
		5BDFB2E1237A7EC400943A70 /* Login */ = {
			isa = PBXGroup;
			children = (
				5BDFB2D6237A79DB00943A70 /* Models */,
				5BDFB2D5237A79D500943A70 /* Views */,
				5BDFB2D4237A79CE00943A70 /* Controllers */,
			);
			path = Login;
			sourceTree = "<group>";
		};
		5BDFB2E2237A7EE300943A70 /* Channels */ = {
			isa = PBXGroup;
			children = (
				5BDFB2E6237A7F2800943A70 /* Models */,
				5BDFB2E5237A7F2300943A70 /* Views */,
				5BDFB2E4237A7F1A00943A70 /* Controllers */,
			);
			path = Channels;
			sourceTree = "<group>";
		};
		5BDFB2E3237A7EEE00943A70 /* Chat */ = {
			isa = PBXGroup;
			children = (
				5BDFB2E9237A7F4800943A70 /* Model */,
				5BDFB2E8237A7F4300943A70 /* Views */,
				5BDFB2E7237A7F3600943A70 /* Controllers */,
			);
			path = Chat;
			sourceTree = "<group>";
		};
		5BDFB2E4237A7F1A00943A70 /* Controllers */ = {
			isa = PBXGroup;
			children = (
				5BDFB2F2237A88F300943A70 /* ChannelsViewController.h */,
				5BDFB2F3237A88F300943A70 /* ChannelsViewController.m */,
			);
			path = Controllers;
			sourceTree = "<group>";
		};
		5BDFB2E5237A7F2300943A70 /* Views */ = {
			isa = PBXGroup;
			children = (
				5BDFB2FA237A893E00943A70 /* Cells */,
				5BDFB2F5237A892900943A70 /* ChanneTableView.h */,
				5BDFB2F6237A892900943A70 /* ChanneTableView.m */,
				5BDFB2F8237A893900943A70 /* ChannelTableView.xib */,
			);
			path = Views;
			sourceTree = "<group>";
		};
		5BDFB2E6237A7F2800943A70 /* Models */ = {
			isa = PBXGroup;
			children = (
				5B5731F6237B9C1B003E7050 /* ChannelModel.h */,
				5B5731F7237B9C1B003E7050 /* ChannelModel.m */,
				5B5731F9237BA64A003E7050 /* DatabasePresentation.h */,
				5B5731FA237BE3BC003E7050 /* MessageModel.h */,
				5B5731FB237BE3BC003E7050 /* MessageModel.m */,
			);
			path = Models;
			sourceTree = "<group>";
		};
		5BDFB2E7237A7F3600943A70 /* Controllers */ = {
			isa = PBXGroup;
			children = (
				5B5731F3237B99C6003E7050 /* ChatViewController.h */,
				5B5731F4237B99C6003E7050 /* ChatViewController.m */,
			);
			path = Controllers;
			sourceTree = "<group>";
		};
		5BDFB2E8237A7F4300943A70 /* Views */ = {
			isa = PBXGroup;
			children = (
			);
			path = Views;
			sourceTree = "<group>";
		};
		5BDFB2E9237A7F4800943A70 /* Model */ = {
			isa = PBXGroup;
			children = (
				5BFA090C237D42840032E3E2 /* TypingModel.h */,
				5BFA090D237D42840032E3E2 /* TypingModel.m */,
			);
			path = Model;
			sourceTree = "<group>";
		};
		5BDFB2FA237A893E00943A70 /* Cells */ = {
			isa = PBXGroup;
			children = (
				5BDFB2FB237A895B00943A70 /* ChannelTableViewCell.h */,
				5BDFB2FC237A895B00943A70 /* ChannelTableViewCell.m */,
				5BDFB2FE237A896B00943A70 /* ChannelTableViewCell.xib */,
			);
			path = Cells;
			sourceTree = "<group>";
		};
		5BDFB300237A91F400943A70 /* App Settings */ = {
			isa = PBXGroup;
			children = (
				5BDFB309237AA8D200943A70 /* AppSettings.h */,
				5BDFB306237A932700943A70 /* AppSettings.m */,
			);
			path = "App Settings";
			sourceTree = "<group>";
		};
		5BFA0906237CD9AF0032E3E2 /* Index */ = {
			isa = PBXGroup;
			children = (
				5BFA0907237CD9CA0032E3E2 /* Index.storyboard */,
				5BFA0909237CDC7E0032E3E2 /* IndexViewController.h */,
				5BFA090A237CDC7E0032E3E2 /* IndexViewController.m */,
			);
			path = Index;
			sourceTree = "<group>";
		};
		66DEB08EFFB1126E58475D87 /* Pods */ = {
			isa = PBXGroup;
			children = (
				DA969FAB700478AFCE07175A /* Pods-iOSTrainingAPICalls.debug.xcconfig */,
				23EC4B48A1F9D7926509ABCB /* Pods-iOSTrainingAPICalls.release.xcconfig */,
				4C81F46C478C5EE7F4A552FB /* Pods-iOSTrainingAPICalls-iOSTrainingAPICallsUITests.debug.xcconfig */,
				16B5EB696F9976755E005004 /* Pods-iOSTrainingAPICalls-iOSTrainingAPICallsUITests.release.xcconfig */,
				F329502C0B3390CA4B9EC09C /* Pods-iOSTrainingAPICallsTests.debug.xcconfig */,
				A8F421C249F97730F23FABD6 /* Pods-iOSTrainingAPICallsTests.release.xcconfig */,
			);
			path = Pods;
			sourceTree = "<group>";
		};
		A7046E61237518700016B2C4 /* Home */ = {
			isa = PBXGroup;
			children = (
				A7046E642375187D0016B2C4 /* Models */,
				A7046E632375187A0016B2C4 /* Views */,
				A7046E62237518770016B2C4 /* Controllers */,
			);
			path = Home;
			sourceTree = "<group>";
		};
		A7046E62237518770016B2C4 /* Controllers */ = {
			isa = PBXGroup;
			children = (
				A7046E6B237518E50016B2C4 /* HomeViewController.h */,
				A7046E6C237518E50016B2C4 /* HomeViewController.m */,
			);
			path = Controllers;
			sourceTree = "<group>";
		};
		A7046E632375187A0016B2C4 /* Views */ = {
			isa = PBXGroup;
			children = (
				A7046E65237518AF0016B2C4 /* HomeView.h */,
				A7046E66237518AF0016B2C4 /* HomeView.m */,
				A7046E69237518D00016B2C4 /* HomeView.xib */,
				A7046E6E23751A700016B2C4 /* Cells */,
			);
			path = Views;
			sourceTree = "<group>";
		};
		A7046E642375187D0016B2C4 /* Models */ = {
			isa = PBXGroup;
			children = (
				A7046E74237530E10016B2C4 /* Categories.h */,
				A7046E75237530E10016B2C4 /* Categories.m */,
			);
			path = Models;
			sourceTree = "<group>";
		};
		A7046E6E23751A700016B2C4 /* Cells */ = {
			isa = PBXGroup;
			children = (
				A7046E6F23751AB00016B2C4 /* HomeTableViewCell.h */,
				A7046E7023751AB00016B2C4 /* HomeTableViewCell.m */,
				A7046E7123751AB00016B2C4 /* HomeTableViewCell.xib */,
			);
			path = Cells;
			sourceTree = "<group>";
		};
		A7046E77237671B80016B2C4 /* Restaurants */ = {
			isa = PBXGroup;
			children = (
				A7046E7A237671F00016B2C4 /* Models */,
				A7046E79237671ED0016B2C4 /* Views */,
				A7046E78237671EA0016B2C4 /* Controllers */,
			);
			path = Restaurants;
			sourceTree = "<group>";
		};
		A7046E78237671EA0016B2C4 /* Controllers */ = {
			isa = PBXGroup;
			children = (
				A7046E7B2376723D0016B2C4 /* RestaurantsViewController.h */,
				A7046E7C2376723D0016B2C4 /* RestaurantsViewController.m */,
			);
			path = Controllers;
			sourceTree = "<group>";
		};
		A7046E79237671ED0016B2C4 /* Views */ = {
			isa = PBXGroup;
			children = (
				A7046E7E2376729F0016B2C4 /* RestaurantsView.h */,
				A7046E7F2376729F0016B2C4 /* RestaurantsView.m */,
				A7046E8C2376819B0016B2C4 /* RestaurantsView.xib */,
				A7046E81237672AB0016B2C4 /* Cells */,
			);
			path = Views;
			sourceTree = "<group>";
		};
		A7046E7A237671F00016B2C4 /* Models */ = {
			isa = PBXGroup;
			children = (
				A7046E8E237684AA0016B2C4 /* Restaurants.h */,
				A7046E8F237684AA0016B2C4 /* Restaurants.m */,
			);
			path = Models;
			sourceTree = "<group>";
		};
		A7046E81237672AB0016B2C4 /* Cells */ = {
			isa = PBXGroup;
			children = (
				A7046E87237673240016B2C4 /* RestaurantViewCell.h */,
				A7046E88237673240016B2C4 /* RestaurantViewCell.m */,
				A7046E89237673240016B2C4 /* RestaurantViewCell.xib */,
			);
			path = Cells;
			sourceTree = "<group>";
		};
		A7046E912376A8750016B2C4 /* RestaurantDetails */ = {
			isa = PBXGroup;
			children = (
				A7046E932376A8950016B2C4 /* Views */,
				A7046E922376A8920016B2C4 /* Controllers */,
			);
			path = RestaurantDetails;
			sourceTree = "<group>";
		};
		A7046E922376A8920016B2C4 /* Controllers */ = {
			isa = PBXGroup;
			children = (
				A7046E942376A92B0016B2C4 /* RestaurantDetailsViewController.h */,
				A7046E952376A92B0016B2C4 /* RestaurantDetailsViewController.m */,
			);
			path = Controllers;
			sourceTree = "<group>";
		};
		A7046E932376A8950016B2C4 /* Views */ = {
			isa = PBXGroup;
			children = (
				A7046E972376A9BA0016B2C4 /* RestaurantDetailsView.h */,
				A7046E982376A9BA0016B2C4 /* RestaurantDetailsView.m */,
				A7046E9A2376A9D40016B2C4 /* RestaurantDetailsView.xib */,
			);
			path = Views;
			sourceTree = "<group>";
		};
		A7F678B9237515A000425CC7 = {
			isa = PBXGroup;
			children = (
				A7F678C4237515A000425CC7 /* iOSTrainingAPICalls */,
				A7F678E0237515A100425CC7 /* iOSTrainingAPICallsTests */,
				A7F678EB237515A100425CC7 /* iOSTrainingAPICallsUITests */,
				A7F678C3237515A000425CC7 /* Products */,
				66DEB08EFFB1126E58475D87 /* Pods */,
				009C9B2F49D36F065A8010B0 /* Frameworks */,
			);
			sourceTree = "<group>";
		};
		A7F678C3237515A000425CC7 /* Products */ = {
			isa = PBXGroup;
			children = (
				A7F678C2237515A000425CC7 /* iOSTrainingAPICalls.app */,
				A7F678DD237515A100425CC7 /* iOSTrainingAPICallsTests.xctest */,
				A7F678E8237515A100425CC7 /* iOSTrainingAPICallsUITests.xctest */,
			);
			name = Products;
			sourceTree = "<group>";
		};
		A7F678C4237515A000425CC7 /* iOSTrainingAPICalls */ = {
			isa = PBXGroup;
			children = (
				5BFA0906237CD9AF0032E3E2 /* Index */,
				5BDFB2D0237A786400943A70 /* TabBar */,
				5BDFB300237A91F400943A70 /* App Settings */,
				5BDFB2D3237A79B900943A70 /* Messaging */,
				5BBA8EF623793CDD009AE2D1 /* Maps */,
				A7046E61237518700016B2C4 /* Home */,
				A7046E77237671B80016B2C4 /* Restaurants */,
				A7046E912376A8750016B2C4 /* RestaurantDetails */,
				A7F678C5237515A000425CC7 /* AppDelegate.h */,
				5BC55846237A58E000E71973 /* GoogleService-Info**.plist */,
				5B5731FD237BF79C003E7050 /* GoogleService-Info.plist */,
				A7F678C6237515A000425CC7 /* AppDelegate.m */,
				A7F678CB237515A000425CC7 /* Main.storyboard */,
				A7F678D1237515A100425CC7 /* Assets.xcassets */,
				A7F678D3237515A100425CC7 /* LaunchScreen.storyboard */,
				A7F678D6237515A100425CC7 /* Info.plist */,
				A7F678D7237515A100425CC7 /* main.m */,
				A7F678CE237515A000425CC7 /* iOSTrainingAPICalls.xcdatamodeld */,
			);
			path = iOSTrainingAPICalls;
			sourceTree = "<group>";
		};
		A7F678E0237515A100425CC7 /* iOSTrainingAPICallsTests */ = {
			isa = PBXGroup;
			children = (
				A7F678E1237515A100425CC7 /* iOSTrainingAPICallsTests.m */,
				A7F678E3237515A100425CC7 /* Info.plist */,
			);
			path = iOSTrainingAPICallsTests;
			sourceTree = "<group>";
		};
		A7F678EB237515A100425CC7 /* iOSTrainingAPICallsUITests */ = {
			isa = PBXGroup;
			children = (
				A7F678EC237515A100425CC7 /* iOSTrainingAPICallsUITests.m */,
				A7F678EE237515A100425CC7 /* Info.plist */,
			);
			path = iOSTrainingAPICallsUITests;
			sourceTree = "<group>";
		};
/* End PBXGroup section */

/* Begin PBXNativeTarget section */
		A7F678C1237515A000425CC7 /* iOSTrainingAPICalls */ = {
			isa = PBXNativeTarget;
			buildConfigurationList = A7F678F1237515A100425CC7 /* Build configuration list for PBXNativeTarget "iOSTrainingAPICalls" */;
			buildPhases = (
				3D23A5B3C092E3D5599D4A42 /* [CP] Check Pods Manifest.lock */,
				A7F678BE237515A000425CC7 /* Sources */,
				A7F678BF237515A000425CC7 /* Frameworks */,
				A7F678C0237515A000425CC7 /* Resources */,
				863C236FEC0F32E1EE0FBDE0 /* [CP] Embed Pods Frameworks */,
				E1B01240FAB8882D72520FC1 /* [CP] Copy Pods Resources */,
			);
			buildRules = (
			);
			dependencies = (
			);
			name = iOSTrainingAPICalls;
			productName = iOSTrainingAPICalls;
			productReference = A7F678C2237515A000425CC7 /* iOSTrainingAPICalls.app */;
			productType = "com.apple.product-type.application";
		};
		A7F678DC237515A100425CC7 /* iOSTrainingAPICallsTests */ = {
			isa = PBXNativeTarget;
			buildConfigurationList = A7F678F4237515A100425CC7 /* Build configuration list for PBXNativeTarget "iOSTrainingAPICallsTests" */;
			buildPhases = (
				1810D8D6AB92EFFD8383B118 /* [CP] Check Pods Manifest.lock */,
				A7F678D9237515A100425CC7 /* Sources */,
				A7F678DA237515A100425CC7 /* Frameworks */,
				A7F678DB237515A100425CC7 /* Resources */,
			);
			buildRules = (
			);
			dependencies = (
				A7F678DF237515A100425CC7 /* PBXTargetDependency */,
			);
			name = iOSTrainingAPICallsTests;
			productName = iOSTrainingAPICallsTests;
			productReference = A7F678DD237515A100425CC7 /* iOSTrainingAPICallsTests.xctest */;
			productType = "com.apple.product-type.bundle.unit-test";
		};
		A7F678E7237515A100425CC7 /* iOSTrainingAPICallsUITests */ = {
			isa = PBXNativeTarget;
			buildConfigurationList = A7F678F7237515A100425CC7 /* Build configuration list for PBXNativeTarget "iOSTrainingAPICallsUITests" */;
			buildPhases = (
				66ABD96C8E7406FFB2619849 /* [CP] Check Pods Manifest.lock */,
				A7F678E4237515A100425CC7 /* Sources */,
				A7F678E5237515A100425CC7 /* Frameworks */,
				A7F678E6237515A100425CC7 /* Resources */,
				3061F4F81766218F9E5532BF /* [CP] Embed Pods Frameworks */,
				F46EB1657498E3982F3F1DEB /* [CP] Copy Pods Resources */,
			);
			buildRules = (
			);
			dependencies = (
				A7F678EA237515A100425CC7 /* PBXTargetDependency */,
			);
			name = iOSTrainingAPICallsUITests;
			productName = iOSTrainingAPICallsUITests;
			productReference = A7F678E8237515A100425CC7 /* iOSTrainingAPICallsUITests.xctest */;
			productType = "com.apple.product-type.bundle.ui-testing";
		};
/* End PBXNativeTarget section */

/* Begin PBXProject section */
		A7F678BA237515A000425CC7 /* Project object */ = {
			isa = PBXProject;
			attributes = {
				LastUpgradeCheck = 1020;
				ORGANIZATIONNAME = OPSolutions;
				TargetAttributes = {
					A7F678C1237515A000425CC7 = {
						CreatedOnToolsVersion = 10.2;
					};
					A7F678DC237515A100425CC7 = {
						CreatedOnToolsVersion = 10.2;
						TestTargetID = A7F678C1237515A000425CC7;
					};
					A7F678E7237515A100425CC7 = {
						CreatedOnToolsVersion = 10.2;
						TestTargetID = A7F678C1237515A000425CC7;
					};
				};
			};
			buildConfigurationList = A7F678BD237515A000425CC7 /* Build configuration list for PBXProject "iOSTrainingAPICalls" */;
			compatibilityVersion = "Xcode 9.3";
			developmentRegion = en;
			hasScannedForEncodings = 0;
			knownRegions = (
				en,
				Base,
			);
			mainGroup = A7F678B9237515A000425CC7;
			productRefGroup = A7F678C3237515A000425CC7 /* Products */;
			projectDirPath = "";
			projectRoot = "";
			targets = (
				A7F678C1237515A000425CC7 /* iOSTrainingAPICalls */,
				A7F678DC237515A100425CC7 /* iOSTrainingAPICallsTests */,
				A7F678E7237515A100425CC7 /* iOSTrainingAPICallsUITests */,
			);
		};
/* End PBXProject section */

/* Begin PBXResourcesBuildPhase section */
		A7F678C0237515A000425CC7 /* Resources */ = {
			isa = PBXResourcesBuildPhase;
			buildActionMask = 2147483647;
			files = (
				5BDFB2E0237A7B4F00943A70 /* Chat.storyboard in Resources */,
				A7F678D5237515A100425CC7 /* LaunchScreen.storyboard in Resources */,
				A7046E6A237518D00016B2C4 /* HomeView.xib in Resources */,
				5BFA0908237CD9CA0032E3E2 /* Index.storyboard in Resources */,
				A7F678D2237515A100425CC7 /* Assets.xcassets in Resources */,
				5BBA8F002379452A009AE2D1 /* MapsView.xib in Resources */,
				5BDFB2FF237A896B00943A70 /* ChannelTableViewCell.xib in Resources */,
				A7046E7323751AB00016B2C4 /* HomeTableViewCell.xib in Resources */,
				5B5731FE237BF79C003E7050 /* GoogleService-Info.plist in Resources */,
				A7046E9B2376A9D40016B2C4 /* RestaurantDetailsView.xib in Resources */,
				5BBA8EFE23793F65009AE2D1 /* MapsStoryboard.storyboard in Resources */,
				A7F678CD237515A000425CC7 /* Main.storyboard in Resources */,
				5BDFB2F9237A893900943A70 /* ChannelTableView.xib in Resources */,
				5BC55847237A58E100E71973 /* GoogleService-Info**.plist in Resources */,
				5BDFB2EE237A80D600943A70 /* LoginView.xib in Resources */,
				5BDFB2D2237A787900943A70 /* mainTabBar.storyboard in Resources */,
				A7046E8D2376819B0016B2C4 /* RestaurantsView.xib in Resources */,
				A7046E8B237673240016B2C4 /* RestaurantViewCell.xib in Resources */,
			);
			runOnlyForDeploymentPostprocessing = 0;
		};
		A7F678DB237515A100425CC7 /* Resources */ = {
			isa = PBXResourcesBuildPhase;
			buildActionMask = 2147483647;
			files = (
			);
			runOnlyForDeploymentPostprocessing = 0;
		};
		A7F678E6237515A100425CC7 /* Resources */ = {
			isa = PBXResourcesBuildPhase;
			buildActionMask = 2147483647;
			files = (
			);
			runOnlyForDeploymentPostprocessing = 0;
		};
/* End PBXResourcesBuildPhase section */

/* Begin PBXShellScriptBuildPhase section */
		1810D8D6AB92EFFD8383B118 /* [CP] Check Pods Manifest.lock */ = {
			isa = PBXShellScriptBuildPhase;
			buildActionMask = 2147483647;
			files = (
			);
			inputFileListPaths = (
			);
			inputPaths = (
				"${PODS_PODFILE_DIR_PATH}/Podfile.lock",
				"${PODS_ROOT}/Manifest.lock",
			);
			name = "[CP] Check Pods Manifest.lock";
			outputFileListPaths = (
			);
			outputPaths = (
				"$(DERIVED_FILE_DIR)/Pods-iOSTrainingAPICallsTests-checkManifestLockResult.txt",
			);
			runOnlyForDeploymentPostprocessing = 0;
			shellPath = /bin/sh;
			shellScript = "diff \"${PODS_PODFILE_DIR_PATH}/Podfile.lock\" \"${PODS_ROOT}/Manifest.lock\" > /dev/null\nif [ $? != 0 ] ; then\n    # print error to STDERR\n    echo \"error: The sandbox is not in sync with the Podfile.lock. Run 'pod install' or update your CocoaPods installation.\" >&2\n    exit 1\nfi\n# This output is used by Xcode 'outputs' to avoid re-running this script phase.\necho \"SUCCESS\" > \"${SCRIPT_OUTPUT_FILE_0}\"\n";
			showEnvVarsInLog = 0;
		};
		3061F4F81766218F9E5532BF /* [CP] Embed Pods Frameworks */ = {
			isa = PBXShellScriptBuildPhase;
			buildActionMask = 2147483647;
			files = (
			);
			inputFileListPaths = (
				"${PODS_ROOT}/Target Support Files/Pods-iOSTrainingAPICalls-iOSTrainingAPICallsUITests/Pods-iOSTrainingAPICalls-iOSTrainingAPICallsUITests-frameworks-${CONFIGURATION}-input-files.xcfilelist",
			);
			name = "[CP] Embed Pods Frameworks";
			outputFileListPaths = (
				"${PODS_ROOT}/Target Support Files/Pods-iOSTrainingAPICalls-iOSTrainingAPICallsUITests/Pods-iOSTrainingAPICalls-iOSTrainingAPICallsUITests-frameworks-${CONFIGURATION}-output-files.xcfilelist",
			);
			runOnlyForDeploymentPostprocessing = 0;
			shellPath = /bin/sh;
			shellScript = "\"${PODS_ROOT}/Target Support Files/Pods-iOSTrainingAPICalls-iOSTrainingAPICallsUITests/Pods-iOSTrainingAPICalls-iOSTrainingAPICallsUITests-frameworks.sh\"\n";
			showEnvVarsInLog = 0;
		};
		3D23A5B3C092E3D5599D4A42 /* [CP] Check Pods Manifest.lock */ = {
			isa = PBXShellScriptBuildPhase;
			buildActionMask = 2147483647;
			files = (
			);
			inputFileListPaths = (
			);
			inputPaths = (
				"${PODS_PODFILE_DIR_PATH}/Podfile.lock",
				"${PODS_ROOT}/Manifest.lock",
			);
			name = "[CP] Check Pods Manifest.lock";
			outputFileListPaths = (
			);
			outputPaths = (
				"$(DERIVED_FILE_DIR)/Pods-iOSTrainingAPICalls-checkManifestLockResult.txt",
			);
			runOnlyForDeploymentPostprocessing = 0;
			shellPath = /bin/sh;
			shellScript = "diff \"${PODS_PODFILE_DIR_PATH}/Podfile.lock\" \"${PODS_ROOT}/Manifest.lock\" > /dev/null\nif [ $? != 0 ] ; then\n    # print error to STDERR\n    echo \"error: The sandbox is not in sync with the Podfile.lock. Run 'pod install' or update your CocoaPods installation.\" >&2\n    exit 1\nfi\n# This output is used by Xcode 'outputs' to avoid re-running this script phase.\necho \"SUCCESS\" > \"${SCRIPT_OUTPUT_FILE_0}\"\n";
			showEnvVarsInLog = 0;
		};
		66ABD96C8E7406FFB2619849 /* [CP] Check Pods Manifest.lock */ = {
			isa = PBXShellScriptBuildPhase;
			buildActionMask = 2147483647;
			files = (
			);
			inputFileListPaths = (
			);
			inputPaths = (
				"${PODS_PODFILE_DIR_PATH}/Podfile.lock",
				"${PODS_ROOT}/Manifest.lock",
			);
			name = "[CP] Check Pods Manifest.lock";
			outputFileListPaths = (
			);
			outputPaths = (
				"$(DERIVED_FILE_DIR)/Pods-iOSTrainingAPICalls-iOSTrainingAPICallsUITests-checkManifestLockResult.txt",
			);
			runOnlyForDeploymentPostprocessing = 0;
			shellPath = /bin/sh;
			shellScript = "diff \"${PODS_PODFILE_DIR_PATH}/Podfile.lock\" \"${PODS_ROOT}/Manifest.lock\" > /dev/null\nif [ $? != 0 ] ; then\n    # print error to STDERR\n    echo \"error: The sandbox is not in sync with the Podfile.lock. Run 'pod install' or update your CocoaPods installation.\" >&2\n    exit 1\nfi\n# This output is used by Xcode 'outputs' to avoid re-running this script phase.\necho \"SUCCESS\" > \"${SCRIPT_OUTPUT_FILE_0}\"\n";
			showEnvVarsInLog = 0;
		};
		863C236FEC0F32E1EE0FBDE0 /* [CP] Embed Pods Frameworks */ = {
			isa = PBXShellScriptBuildPhase;
			buildActionMask = 2147483647;
			files = (
			);
			inputFileListPaths = (
				"${PODS_ROOT}/Target Support Files/Pods-iOSTrainingAPICalls/Pods-iOSTrainingAPICalls-frameworks-${CONFIGURATION}-input-files.xcfilelist",
			);
			name = "[CP] Embed Pods Frameworks";
			outputFileListPaths = (
				"${PODS_ROOT}/Target Support Files/Pods-iOSTrainingAPICalls/Pods-iOSTrainingAPICalls-frameworks-${CONFIGURATION}-output-files.xcfilelist",
			);
			runOnlyForDeploymentPostprocessing = 0;
			shellPath = /bin/sh;
			shellScript = "\"${PODS_ROOT}/Target Support Files/Pods-iOSTrainingAPICalls/Pods-iOSTrainingAPICalls-frameworks.sh\"\n";
			showEnvVarsInLog = 0;
		};
		E1B01240FAB8882D72520FC1 /* [CP] Copy Pods Resources */ = {
			isa = PBXShellScriptBuildPhase;
			buildActionMask = 2147483647;
			files = (
			);
			inputFileListPaths = (
				"${PODS_ROOT}/Target Support Files/Pods-iOSTrainingAPICalls/Pods-iOSTrainingAPICalls-resources-${CONFIGURATION}-input-files.xcfilelist",
			);
			name = "[CP] Copy Pods Resources";
			outputFileListPaths = (
				"${PODS_ROOT}/Target Support Files/Pods-iOSTrainingAPICalls/Pods-iOSTrainingAPICalls-resources-${CONFIGURATION}-output-files.xcfilelist",
			);
			runOnlyForDeploymentPostprocessing = 0;
			shellPath = /bin/sh;
			shellScript = "\"${PODS_ROOT}/Target Support Files/Pods-iOSTrainingAPICalls/Pods-iOSTrainingAPICalls-resources.sh\"\n";
			showEnvVarsInLog = 0;
		};
		F46EB1657498E3982F3F1DEB /* [CP] Copy Pods Resources */ = {
			isa = PBXShellScriptBuildPhase;
			buildActionMask = 2147483647;
			files = (
			);
			inputFileListPaths = (
				"${PODS_ROOT}/Target Support Files/Pods-iOSTrainingAPICalls-iOSTrainingAPICallsUITests/Pods-iOSTrainingAPICalls-iOSTrainingAPICallsUITests-resources-${CONFIGURATION}-input-files.xcfilelist",
			);
			name = "[CP] Copy Pods Resources";
			outputFileListPaths = (
				"${PODS_ROOT}/Target Support Files/Pods-iOSTrainingAPICalls-iOSTrainingAPICallsUITests/Pods-iOSTrainingAPICalls-iOSTrainingAPICallsUITests-resources-${CONFIGURATION}-output-files.xcfilelist",
			);
			runOnlyForDeploymentPostprocessing = 0;
			shellPath = /bin/sh;
			shellScript = "\"${PODS_ROOT}/Target Support Files/Pods-iOSTrainingAPICalls-iOSTrainingAPICallsUITests/Pods-iOSTrainingAPICalls-iOSTrainingAPICallsUITests-resources.sh\"\n";
			showEnvVarsInLog = 0;
		};
/* End PBXShellScriptBuildPhase section */

/* Begin PBXSourcesBuildPhase section */
		A7F678BE237515A000425CC7 /* Sources */ = {
			isa = PBXSourcesBuildPhase;
			buildActionMask = 2147483647;
			files = (
				A7F678D0237515A000425CC7 /* iOSTrainingAPICalls.xcdatamodeld in Sources */,
				A7046E802376729F0016B2C4 /* RestaurantsView.m in Sources */,
				5BDFB2F4237A88F300943A70 /* ChannelsViewController.m in Sources */,
				A7046E7D2376723D0016B2C4 /* RestaurantsViewController.m in Sources */,
				5B5731F5237B99C6003E7050 /* ChatViewController.m in Sources */,
				A7046E992376A9BA0016B2C4 /* RestaurantDetailsView.m in Sources */,
				5BDFB307237A932700943A70 /* AppSettings.m in Sources */,
				5BBA8F032379453F009AE2D1 /* MapsView.m in Sources */,
				5BFA090E237D42840032E3E2 /* TypingModel.m in Sources */,
				5B5731F8237B9C1B003E7050 /* ChannelModel.m in Sources */,
				A7046E8A237673240016B2C4 /* RestaurantViewCell.m in Sources */,
				A7046E67237518AF0016B2C4 /* HomeView.m in Sources */,
				5BDFB2F7237A892900943A70 /* ChanneTableView.m in Sources */,
				5BDFB2FD237A895B00943A70 /* ChannelTableViewCell.m in Sources */,
				5BDFB2F1237A80E800943A70 /* LoginViewController.m in Sources */,
				A7046E76237530E10016B2C4 /* Categories.m in Sources */,
				A7046E962376A92B0016B2C4 /* RestaurantDetailsViewController.m in Sources */,
				A7046E7223751AB00016B2C4 /* HomeTableViewCell.m in Sources */,
				5BDFB2EC237A80CC00943A70 /* LoginView.m in Sources */,
				A7F678D8237515A100425CC7 /* main.m in Sources */,
				A7046E90237684AA0016B2C4 /* Restaurants.m in Sources */,
				5BBA8EFC23793F56009AE2D1 /* MapsViewController.m in Sources */,
				A7046E6D237518E50016B2C4 /* HomeViewController.m in Sources */,
				A7F678C7237515A000425CC7 /* AppDelegate.m in Sources */,
				5B5731FC237BE3BC003E7050 /* MessageModel.m in Sources */,
				5BFA090B237CDC7E0032E3E2 /* IndexViewController.m in Sources */,
			);
			runOnlyForDeploymentPostprocessing = 0;
		};
		A7F678D9237515A100425CC7 /* Sources */ = {
			isa = PBXSourcesBuildPhase;
			buildActionMask = 2147483647;
			files = (
				A7F678E2237515A100425CC7 /* iOSTrainingAPICallsTests.m in Sources */,
			);
			runOnlyForDeploymentPostprocessing = 0;
		};
		A7F678E4237515A100425CC7 /* Sources */ = {
			isa = PBXSourcesBuildPhase;
			buildActionMask = 2147483647;
			files = (
				A7F678ED237515A100425CC7 /* iOSTrainingAPICallsUITests.m in Sources */,
			);
			runOnlyForDeploymentPostprocessing = 0;
		};
/* End PBXSourcesBuildPhase section */

/* Begin PBXTargetDependency section */
		A7F678DF237515A100425CC7 /* PBXTargetDependency */ = {
			isa = PBXTargetDependency;
			target = A7F678C1237515A000425CC7 /* iOSTrainingAPICalls */;
			targetProxy = A7F678DE237515A100425CC7 /* PBXContainerItemProxy */;
		};
		A7F678EA237515A100425CC7 /* PBXTargetDependency */ = {
			isa = PBXTargetDependency;
			target = A7F678C1237515A000425CC7 /* iOSTrainingAPICalls */;
			targetProxy = A7F678E9237515A100425CC7 /* PBXContainerItemProxy */;
		};
/* End PBXTargetDependency section */

/* Begin PBXVariantGroup section */
		A7F678CB237515A000425CC7 /* Main.storyboard */ = {
			isa = PBXVariantGroup;
			children = (
				A7F678CC237515A000425CC7 /* Base */,
			);
			name = Main.storyboard;
			sourceTree = "<group>";
		};
		A7F678D3237515A100425CC7 /* LaunchScreen.storyboard */ = {
			isa = PBXVariantGroup;
			children = (
				A7F678D4237515A100425CC7 /* Base */,
			);
			name = LaunchScreen.storyboard;
			sourceTree = "<group>";
		};
/* End PBXVariantGroup section */

/* Begin XCBuildConfiguration section */
		A7F678EF237515A100425CC7 /* Debug */ = {
			isa = XCBuildConfiguration;
			buildSettings = {
				ALWAYS_SEARCH_USER_PATHS = NO;
				CLANG_ANALYZER_NONNULL = YES;
				CLANG_ANALYZER_NUMBER_OBJECT_CONVERSION = YES_AGGRESSIVE;
				CLANG_CXX_LANGUAGE_STANDARD = "gnu++14";
				CLANG_CXX_LIBRARY = "libc++";
				CLANG_ENABLE_MODULES = YES;
				CLANG_ENABLE_OBJC_ARC = YES;
				CLANG_ENABLE_OBJC_WEAK = YES;
				CLANG_WARN_BLOCK_CAPTURE_AUTORELEASING = YES;
				CLANG_WARN_BOOL_CONVERSION = YES;
				CLANG_WARN_COMMA = YES;
				CLANG_WARN_CONSTANT_CONVERSION = YES;
				CLANG_WARN_DEPRECATED_OBJC_IMPLEMENTATIONS = YES;
				CLANG_WARN_DIRECT_OBJC_ISA_USAGE = YES_ERROR;
				CLANG_WARN_DOCUMENTATION_COMMENTS = YES;
				CLANG_WARN_EMPTY_BODY = YES;
				CLANG_WARN_ENUM_CONVERSION = YES;
				CLANG_WARN_INFINITE_RECURSION = YES;
				CLANG_WARN_INT_CONVERSION = YES;
				CLANG_WARN_NON_LITERAL_NULL_CONVERSION = YES;
				CLANG_WARN_OBJC_IMPLICIT_RETAIN_SELF = YES;
				CLANG_WARN_OBJC_LITERAL_CONVERSION = YES;
				CLANG_WARN_OBJC_ROOT_CLASS = YES_ERROR;
				CLANG_WARN_RANGE_LOOP_ANALYSIS = YES;
				CLANG_WARN_STRICT_PROTOTYPES = YES;
				CLANG_WARN_SUSPICIOUS_MOVE = YES;
				CLANG_WARN_UNGUARDED_AVAILABILITY = YES_AGGRESSIVE;
				CLANG_WARN_UNREACHABLE_CODE = YES;
				CLANG_WARN__DUPLICATE_METHOD_MATCH = YES;
				CODE_SIGN_IDENTITY = "iPhone Developer";
				COPY_PHASE_STRIP = NO;
				DEBUG_INFORMATION_FORMAT = dwarf;
				ENABLE_STRICT_OBJC_MSGSEND = YES;
				ENABLE_TESTABILITY = YES;
				GCC_C_LANGUAGE_STANDARD = gnu11;
				GCC_DYNAMIC_NO_PIC = NO;
				GCC_NO_COMMON_BLOCKS = YES;
				GCC_OPTIMIZATION_LEVEL = 0;
				GCC_PREPROCESSOR_DEFINITIONS = (
					"DEBUG=1",
					"$(inherited)",
				);
				GCC_WARN_64_TO_32_BIT_CONVERSION = YES;
				GCC_WARN_ABOUT_RETURN_TYPE = YES_ERROR;
				GCC_WARN_UNDECLARED_SELECTOR = YES;
				GCC_WARN_UNINITIALIZED_AUTOS = YES_AGGRESSIVE;
				GCC_WARN_UNUSED_FUNCTION = YES;
				GCC_WARN_UNUSED_VARIABLE = YES;
				IPHONEOS_DEPLOYMENT_TARGET = 12.2;
				MTL_ENABLE_DEBUG_INFO = INCLUDE_SOURCE;
				MTL_FAST_MATH = YES;
				ONLY_ACTIVE_ARCH = YES;
				SDKROOT = iphoneos;
			};
			name = Debug;
		};
		A7F678F0237515A100425CC7 /* Release */ = {
			isa = XCBuildConfiguration;
			buildSettings = {
				ALWAYS_SEARCH_USER_PATHS = NO;
				CLANG_ANALYZER_NONNULL = YES;
				CLANG_ANALYZER_NUMBER_OBJECT_CONVERSION = YES_AGGRESSIVE;
				CLANG_CXX_LANGUAGE_STANDARD = "gnu++14";
				CLANG_CXX_LIBRARY = "libc++";
				CLANG_ENABLE_MODULES = YES;
				CLANG_ENABLE_OBJC_ARC = YES;
				CLANG_ENABLE_OBJC_WEAK = YES;
				CLANG_WARN_BLOCK_CAPTURE_AUTORELEASING = YES;
				CLANG_WARN_BOOL_CONVERSION = YES;
				CLANG_WARN_COMMA = YES;
				CLANG_WARN_CONSTANT_CONVERSION = YES;
				CLANG_WARN_DEPRECATED_OBJC_IMPLEMENTATIONS = YES;
				CLANG_WARN_DIRECT_OBJC_ISA_USAGE = YES_ERROR;
				CLANG_WARN_DOCUMENTATION_COMMENTS = YES;
				CLANG_WARN_EMPTY_BODY = YES;
				CLANG_WARN_ENUM_CONVERSION = YES;
				CLANG_WARN_INFINITE_RECURSION = YES;
				CLANG_WARN_INT_CONVERSION = YES;
				CLANG_WARN_NON_LITERAL_NULL_CONVERSION = YES;
				CLANG_WARN_OBJC_IMPLICIT_RETAIN_SELF = YES;
				CLANG_WARN_OBJC_LITERAL_CONVERSION = YES;
				CLANG_WARN_OBJC_ROOT_CLASS = YES_ERROR;
				CLANG_WARN_RANGE_LOOP_ANALYSIS = YES;
				CLANG_WARN_STRICT_PROTOTYPES = YES;
				CLANG_WARN_SUSPICIOUS_MOVE = YES;
				CLANG_WARN_UNGUARDED_AVAILABILITY = YES_AGGRESSIVE;
				CLANG_WARN_UNREACHABLE_CODE = YES;
				CLANG_WARN__DUPLICATE_METHOD_MATCH = YES;
				CODE_SIGN_IDENTITY = "iPhone Developer";
				COPY_PHASE_STRIP = NO;
				DEBUG_INFORMATION_FORMAT = "dwarf-with-dsym";
				ENABLE_NS_ASSERTIONS = NO;
				ENABLE_STRICT_OBJC_MSGSEND = YES;
				GCC_C_LANGUAGE_STANDARD = gnu11;
				GCC_NO_COMMON_BLOCKS = YES;
				GCC_WARN_64_TO_32_BIT_CONVERSION = YES;
				GCC_WARN_ABOUT_RETURN_TYPE = YES_ERROR;
				GCC_WARN_UNDECLARED_SELECTOR = YES;
				GCC_WARN_UNINITIALIZED_AUTOS = YES_AGGRESSIVE;
				GCC_WARN_UNUSED_FUNCTION = YES;
				GCC_WARN_UNUSED_VARIABLE = YES;
				IPHONEOS_DEPLOYMENT_TARGET = 12.2;
				MTL_ENABLE_DEBUG_INFO = NO;
				MTL_FAST_MATH = YES;
				SDKROOT = iphoneos;
				VALIDATE_PRODUCT = YES;
			};
			name = Release;
		};
		A7F678F2237515A100425CC7 /* Debug */ = {
			isa = XCBuildConfiguration;
			baseConfigurationReference = DA969FAB700478AFCE07175A /* Pods-iOSTrainingAPICalls.debug.xcconfig */;
			buildSettings = {
				ASSETCATALOG_COMPILER_APPICON_NAME = AppIcon;
				CODE_SIGN_STYLE = Automatic;
				DEVELOPMENT_TEAM = "";
				GCC_NO_COMMON_BLOCKS = YES;
				INFOPLIST_FILE = iOSTrainingAPICalls/Info.plist;
				LD_RUNPATH_SEARCH_PATHS = (
					"$(inherited)",
					"@executable_path/Frameworks",
				);
				PRODUCT_BUNDLE_IDENTIFIER = com.zmjy.NotifTutorial;
				PRODUCT_NAME = "$(TARGET_NAME)";
				TARGETED_DEVICE_FAMILY = "1,2";
			};
			name = Debug;
		};
		A7F678F3237515A100425CC7 /* Release */ = {
			isa = XCBuildConfiguration;
			baseConfigurationReference = 23EC4B48A1F9D7926509ABCB /* Pods-iOSTrainingAPICalls.release.xcconfig */;
			buildSettings = {
				ASSETCATALOG_COMPILER_APPICON_NAME = AppIcon;
				CODE_SIGN_STYLE = Automatic;
				DEVELOPMENT_TEAM = "";
				GCC_NO_COMMON_BLOCKS = YES;
				INFOPLIST_FILE = iOSTrainingAPICalls/Info.plist;
				LD_RUNPATH_SEARCH_PATHS = (
					"$(inherited)",
					"@executable_path/Frameworks",
				);
				PRODUCT_BUNDLE_IDENTIFIER = com.zmjy.NotifTutorial;
				PRODUCT_NAME = "$(TARGET_NAME)";
				TARGETED_DEVICE_FAMILY = "1,2";
			};
			name = Release;
		};
		A7F678F5237515A100425CC7 /* Debug */ = {
			isa = XCBuildConfiguration;
			baseConfigurationReference = F329502C0B3390CA4B9EC09C /* Pods-iOSTrainingAPICallsTests.debug.xcconfig */;
			buildSettings = {
				BUNDLE_LOADER = "$(TEST_HOST)";
				CODE_SIGN_STYLE = Automatic;
				INFOPLIST_FILE = iOSTrainingAPICallsTests/Info.plist;
				LD_RUNPATH_SEARCH_PATHS = (
					"$(inherited)",
					"@executable_path/Frameworks",
					"@loader_path/Frameworks",
				);
				PRODUCT_BUNDLE_IDENTIFIER = com.opsolutions.iOSTrainingAPICallsTests;
				PRODUCT_NAME = "$(TARGET_NAME)";
				TARGETED_DEVICE_FAMILY = "1,2";
				TEST_HOST = "$(BUILT_PRODUCTS_DIR)/iOSTrainingAPICalls.app/iOSTrainingAPICalls";
			};
			name = Debug;
		};
		A7F678F6237515A100425CC7 /* Release */ = {
			isa = XCBuildConfiguration;
			baseConfigurationReference = A8F421C249F97730F23FABD6 /* Pods-iOSTrainingAPICallsTests.release.xcconfig */;
			buildSettings = {
				BUNDLE_LOADER = "$(TEST_HOST)";
				CODE_SIGN_STYLE = Automatic;
				INFOPLIST_FILE = iOSTrainingAPICallsTests/Info.plist;
				LD_RUNPATH_SEARCH_PATHS = (
					"$(inherited)",
					"@executable_path/Frameworks",
					"@loader_path/Frameworks",
				);
				PRODUCT_BUNDLE_IDENTIFIER = com.opsolutions.iOSTrainingAPICallsTests;
				PRODUCT_NAME = "$(TARGET_NAME)";
				TARGETED_DEVICE_FAMILY = "1,2";
				TEST_HOST = "$(BUILT_PRODUCTS_DIR)/iOSTrainingAPICalls.app/iOSTrainingAPICalls";
			};
			name = Release;
		};
		A7F678F8237515A100425CC7 /* Debug */ = {
			isa = XCBuildConfiguration;
			baseConfigurationReference = 4C81F46C478C5EE7F4A552FB /* Pods-iOSTrainingAPICalls-iOSTrainingAPICallsUITests.debug.xcconfig */;
			buildSettings = {
				CODE_SIGN_STYLE = Automatic;
				INFOPLIST_FILE = iOSTrainingAPICallsUITests/Info.plist;
				LD_RUNPATH_SEARCH_PATHS = (
					"$(inherited)",
					"@executable_path/Frameworks",
					"@loader_path/Frameworks",
				);
				PRODUCT_BUNDLE_IDENTIFIER = com.opsolutions.iOSTrainingAPICallsUITests;
				PRODUCT_NAME = "$(TARGET_NAME)";
				TARGETED_DEVICE_FAMILY = "1,2";
				TEST_TARGET_NAME = iOSTrainingAPICalls;
			};
			name = Debug;
		};
		A7F678F9237515A100425CC7 /* Release */ = {
			isa = XCBuildConfiguration;
			baseConfigurationReference = 16B5EB696F9976755E005004 /* Pods-iOSTrainingAPICalls-iOSTrainingAPICallsUITests.release.xcconfig */;
			buildSettings = {
				CODE_SIGN_STYLE = Automatic;
				INFOPLIST_FILE = iOSTrainingAPICallsUITests/Info.plist;
				LD_RUNPATH_SEARCH_PATHS = (
					"$(inherited)",
					"@executable_path/Frameworks",
					"@loader_path/Frameworks",
				);
				PRODUCT_BUNDLE_IDENTIFIER = com.opsolutions.iOSTrainingAPICallsUITests;
				PRODUCT_NAME = "$(TARGET_NAME)";
				TARGETED_DEVICE_FAMILY = "1,2";
				TEST_TARGET_NAME = iOSTrainingAPICalls;
			};
			name = Release;
		};
/* End XCBuildConfiguration section */

/* Begin XCConfigurationList section */
		A7F678BD237515A000425CC7 /* Build configuration list for PBXProject "iOSTrainingAPICalls" */ = {
			isa = XCConfigurationList;
			buildConfigurations = (
				A7F678EF237515A100425CC7 /* Debug */,
				A7F678F0237515A100425CC7 /* Release */,
			);
			defaultConfigurationIsVisible = 0;
			defaultConfigurationName = Release;
		};
		A7F678F1237515A100425CC7 /* Build configuration list for PBXNativeTarget "iOSTrainingAPICalls" */ = {
			isa = XCConfigurationList;
			buildConfigurations = (
				A7F678F2237515A100425CC7 /* Debug */,
				A7F678F3237515A100425CC7 /* Release */,
			);
			defaultConfigurationIsVisible = 0;
			defaultConfigurationName = Release;
		};
		A7F678F4237515A100425CC7 /* Build configuration list for PBXNativeTarget "iOSTrainingAPICallsTests" */ = {
			isa = XCConfigurationList;
			buildConfigurations = (
				A7F678F5237515A100425CC7 /* Debug */,
				A7F678F6237515A100425CC7 /* Release */,
			);
			defaultConfigurationIsVisible = 0;
			defaultConfigurationName = Release;
		};
		A7F678F7237515A100425CC7 /* Build configuration list for PBXNativeTarget "iOSTrainingAPICallsUITests" */ = {
			isa = XCConfigurationList;
			buildConfigurations = (
				A7F678F8237515A100425CC7 /* Debug */,
				A7F678F9237515A100425CC7 /* Release */,
			);
			defaultConfigurationIsVisible = 0;
			defaultConfigurationName = Release;
		};
/* End XCConfigurationList section */

/* Begin XCVersionGroup section */
		A7F678CE237515A000425CC7 /* iOSTrainingAPICalls.xcdatamodeld */ = {
			isa = XCVersionGroup;
			children = (
				A7F678CF237515A000425CC7 /* iOSTrainingAPICalls.xcdatamodel */,
			);
			currentVersion = A7F678CF237515A000425CC7 /* iOSTrainingAPICalls.xcdatamodel */;
			path = iOSTrainingAPICalls.xcdatamodeld;
			sourceTree = "<group>";
			versionGroupType = wrapper.xcdatamodel;
		};
/* End XCVersionGroup section */
	};
	rootObject = A7F678BA237515A000425CC7 /* Project object */;
}
